
Microsoft Visual Studio Solution File, Format Version 12.00
# Visual Studio 15
VisualStudioVersion = 15.0.27428.2027
MinimumVisualStudioVersion = 10.0.40219.1
Project("{8BC9CEB8-8B4A-11D0-8D11-00A0C91BC942}") = "winmmwrp", "winmmwrp\winmmwrp.vcxproj", "{B09DEEF1-C89D-4577-96C6-D8B8AC6523D6}"
EndProject
Global
	GlobalSection(SolutionConfigurationPlatforms) = preSolution
		DAW|x64 = DAW|x64
		DAW|x86 = DAW|x86
		Standard|x64 = Standard|x64
		Standard|x86 = Standard|x86
	EndGlobalSection
	GlobalSection(ProjectConfigurationPlatforms) = postSolution
		{B09DEEF1-C89D-4577-96C6-D8B8AC6523D6}.DAW|x64.ActiveCfg = DAW|x64
		{B09DEEF1-C89D-4577-96C6-D8B8AC6523D6}.DAW|x64.Build.0 = DAW|x64
		{B09DEEF1-C89D-4577-96C6-D8B8AC6523D6}.DAW|x86.ActiveCfg = DAW|Win32
		{B09DEEF1-C89D-4577-96C6-D8B8AC6523D6}.DAW|x86.Build.0 = DAW|Win32
		{B09DEEF1-C89D-4577-96C6-D8B8AC6523D6}.Standard|x64.ActiveCfg = Release|x64
		{B09DEEF1-C89D-4577-96C6-D8B8AC6523D6}.Standard|x64.Build.0 = Release|x64
		{B09DEEF1-C89D-4577-96C6-D8B8AC6523D6}.Standard|x86.ActiveCfg = Release|Win32
		{B09DEEF1-C89D-4577-96C6-D8B8AC6523D6}.Standard|x86.Build.0 = Release|Win32
	EndGlobalSection
	GlobalSection(SolutionProperties) = preSolution
		HideSolutionNode = FALSE
	EndGlobalSection
	GlobalSection(ExtensibilityGlobals) = postSolution
		SolutionGuid = {EDF9498C-0968-47BC-84E5-91C67A19783B}
	EndGlobalSection
EndGlobal
